<?xml version="1.0" encoding="utf-8"?>
<Project ToolsVersion="4.0" xmlns="http://schemas.microsoft.com/developer/msbuild/2003">
  <ItemGroup>
    <Filter Include="Source Files">
      <UniqueIdentifier>{4FC737F1-C7A5-4376-A066-2A32D752A2FF}</UniqueIdentifier>
      <Extensions>cpp;c;cc;cxx;c++;cppm;ixx;def;odl;idl;hpj;bat;asm;asmx</Extensions>
    </Filter>
    <Filter Include="Header Files">
      <UniqueIdentifier>{93995380-89BD-4b04-88EB-625FBE52EBFB}</UniqueIdentifier>
      <Extensions>h;hh;hpp;hxx;h++;hm;inl;inc;ipp;xsd</Extensions>
    </Filter>
    <Filter Include="Resource Files">
      <UniqueIdentifier>{67DA6AB6-F800-4c08-8B7A-83BB121AAD01}</UniqueIdentifier>
      <Extensions>rc;ico;cur;bmp;dlg;rc2;rct;bin;rgs;gif;jpg;jpeg;jpe;resx;tiff;tif;png;wav;mfcribbon-ms</Extensions>
    </Filter>
    <Filter Include="Soraks">
      <UniqueIdentifier>{d3558f92-823a-4c6d-bd7a-d5e6bd4cb2db}</UniqueIdentifier>
    </Filter>
    <Filter Include="Soraks\Header Files">
      <UniqueIdentifier>{f5efdf38-4a66-4096-a340-ff7ac1046f57}</UniqueIdentifier>
    </Filter>
    <Filter Include="Soraks\Source Files">
      <UniqueIdentifier>{6ed7d7ad-9962-4d6f-ab1b-1e8df7f67dd4}</UniqueIdentifier>
    </Filter>
    <Filter Include="Soraks\Header Files\Utilities">
      <UniqueIdentifier>{fe720e27-b200-4787-b22a-2ce323960996}</UniqueIdentifier>
    </Filter>
    <Filter Include="Soraks\Source Files\Utilities">
      <UniqueIdentifier>{3d7f1f1f-79a6-4df8-86d1-814b2e481134}</UniqueIdentifier>
    </Filter>
  </ItemGroup>
  <ItemGroup>
    <ClCompile Include="main.cpp">
      <Filter>Source Files</Filter>
    </ClCompile>
    <ClCompile Include="Soraks\Applcation.cpp">
      <Filter>Soraks\Source Files</Filter>
    </ClCompile>
    <ClCompile Include="Soraks\Screen.cpp">
      <Filter>Soraks\Source Files</Filter>
    </ClCompile>
    <ClCompile Include="Soraks\GameInstance.cpp">
      <Filter>Soraks\Source Files</Filter>
    </ClCompile>
    <ClCompile Include="Soraks\Utilities\Config.cpp">
      <Filter>Soraks\Source Files\Utilities</Filter>
    </ClCompile>
  </ItemGroup>
  <ItemGroup>
    <ClInclude Include="Soraks\Applcation.h">
      <Filter>Soraks\Header Files</Filter>
    </ClInclude>
    <ClInclude Include="Soraks\Screen.h">
      <Filter>Soraks\Header Files</Filter>
    </ClInclude>
    <ClInclude Include="Soraks\GameInstance.h">
      <Filter>Soraks\Header Files</Filter>
    </ClInclude>
    <ClInclude Include="Soraks\Utilities\Config.h">
      <Filter>Soraks\Header Files\Utilities</Filter>
    </ClInclude>
  </ItemGroup>
</Project>